{
  "name": "reisen-ui",
  "version": "0.0.4",
  "lockfileVersion": 3,
  "requires": true,
  "packages": {
    "": {
      "name": "reisen-ui",
      "version": "0.0.4",
      "license": "MIT",
      "dependencies": {
        "lean-wrap": "^0.3.*",
        "pico-args": "^1.0.*",
        "pico-client": "^0.8.*",
        "pico-common": "^0.15.*"
      }
    },
    "node_modules/lean-wrap": {
      "version": "0.3.9",
      "resolved": "https://registry.npmjs.org/lean-wrap/-/lean-wrap-0.3.9.tgz",
      "integrity": "sha512-1I/fCWcVNRmc32U+T7NBj+p2mcc9O1uR/7ExXV9kleU+LnweKtppeJPGZGZMbWcXmn4BbDnn33Tb7Y4JidbWhA=="
    },
    "node_modules/pico-args": {
      "version": "1.0.14",
      "resolved": "https://registry.npmjs.org/pico-args/-/pico-args-1.0.14.tgz",
      "integrity": "sha512-HZl8un9bME4944qRS7OqRDwnYQu5XRWaYLLigI6X0jM4u9kXUPH5QuOBkUZ56Qtv0+KV1zPFxR4FiskmpZDL6w==",
      "peerDependencies": {
        "pico-common": "*"
      }
    },
    "node_modules/pico-client": {
      "version": "0.8.1",
      "resolved": "https://registry.npmjs.org/pico-client/-/pico-client-0.8.1.tgz",
      "integrity": "sha512-ShtzDhRsK2t4Zh+hUlXMiqVOsAoZ0ZaBGHZktMdt+aGbh5RQ20z7m6EfshZE5Pdiq6LajE2zv1iP7Scy05hWBA==",
      "dependencies": {
        "pojs": "^0.8.*"
      },
      "bin": {
        "pico-client-build": "build.js",
        "pico-client-create": "create.js"
      },
      "peerDependencies": {
        "lean-wrap": "^0.3.x",
        "pico-common": "^0.15.x"
      }
    },
    "node_modules/pico-common": {
      "version": "0.15.1",
      "resolved": "https://registry.npmjs.org/pico-common/-/pico-common-0.15.1.tgz",
      "integrity": "sha512-wtjANB23EbqfpVQ7HHI9XcS0syZR+Yy+KX45CeiAma4anU1KxFbYZthkxtouVm7rmsEi0nqV70S+Hr2vQpBtHQ==",
      "bin": {
        "pico-common-build": "concat.js"
      }
    },
    "node_modules/pojs": {
      "version": "0.8.7",
      "resolved": "https://registry.npmjs.org/pojs/-/pojs-0.8.7.tgz",
      "integrity": "sha512-qDxEAQGUG4RZXSR9qaDmXbCVU5bkeqb8yqLVYRM2iK0wJJnVhDIlrBcaVYuOTuSw/mBoDyhnJdDjt+agtV6Ljg==",
      "peerDependencies": {
        "lean-wrap": "0.x",
        "pico-common": "0.x"
      }
    }
  }
}
