{
  "name": "reisen",
  "version": "0.2.1",
  "lockfileVersion": 3,
  "requires": true,
  "packages": {
    "": {
      "name": "reisen",
      "version": "0.2.1",
      "license": "MIT",
      "dependencies": {
        "@planetscale/database": "^1.5.0",
        "pico-args": "^1.0.14",
        "pico-common": "^0.15.1",
        "picos": "^0.10.3",
        "picos-util": "^0.2.7"
      }
    },
    "node_modules/@planetscale/database": {
      "version": "1.5.0",
      "resolved": "https://registry.npmjs.org/@planetscale/database/-/database-1.5.0.tgz",
      "integrity": "sha512-Qwh7Or1W5dB5mZ9EQqDkgvkDKhBBmQe58KIVUy0SGocNtr5fP4JAWtvZ6EdLAV6C6hVpzNlCA2xIg9lKTswm1Q==",
      "engines": {
        "node": ">=16"
      }
    },
    "node_modules/drange": {
      "version": "1.1.1",
      "resolved": "https://registry.npmjs.org/drange/-/drange-1.1.1.tgz",
      "integrity": "sha512-pYxfDYpued//QpnLIm4Avk7rsNtAtQkUES2cwAYSvD/wd2pKD71gN2Ebj3e7klzXwjocvE8c5vx/1fxwpqmSxA==",
      "engines": {
        "node": ">=4"
      }
    },
    "node_modules/pico-args": {
      "version": "1.0.14",
      "resolved": "https://registry.npmjs.org/pico-args/-/pico-args-1.0.14.tgz",
      "integrity": "sha512-HZl8un9bME4944qRS7OqRDwnYQu5XRWaYLLigI6X0jM4u9kXUPH5QuOBkUZ56Qtv0+KV1zPFxR4FiskmpZDL6w==",
      "peerDependencies": {
        "pico-common": "*"
      }
    },
    "node_modules/pico-common": {
      "version": "0.15.1",
      "resolved": "https://registry.npmjs.org/pico-common/-/pico-common-0.15.1.tgz",
      "integrity": "sha512-wtjANB23EbqfpVQ7HHI9XcS0syZR+Yy+KX45CeiAma4anU1KxFbYZthkxtouVm7rmsEi0nqV70S+Hr2vQpBtHQ==",
      "bin": {
        "pico-common-build": "concat.js"
      }
    },
    "node_modules/picos": {
      "version": "0.10.3",
      "resolved": "https://registry.npmjs.org/picos/-/picos-0.10.3.tgz",
      "integrity": "sha512-uJcjfPgNe+erjNxUiU6g/3Tm9fKFmPf7lVdFGEz1WtNrhMAIPv0DCgerzNYxRqCdvkGVxFWd/DkNGbr0p4/G6w==",
      "dependencies": {
        "pico-args": "^1.0.13",
        "pico-common": "^0.15.0",
        "picos-util": "^0.2.7",
        "randexp": "^0.5.3"
      },
      "bin": {
        "picos": "index.js"
      }
    },
    "node_modules/picos-util": {
      "version": "0.2.7",
      "resolved": "https://registry.npmjs.org/picos-util/-/picos-util-0.2.7.tgz",
      "integrity": "sha512-/31/3IobtW3X0VpEB6XxNjkVhTmUIBzmv2Pld75WQkDWlEy3SOYHyXpbT2V6r6w0djyrQsLhII2FXLsqxB/v/w==",
      "peerDependencies": {
        "pico-common": "0.x"
      }
    },
    "node_modules/randexp": {
      "version": "0.5.3",
      "resolved": "https://registry.npmjs.org/randexp/-/randexp-0.5.3.tgz",
      "integrity": "sha512-U+5l2KrcMNOUPYvazA3h5ekF80FHTUG+87SEAmHZmolh1M+i/WyTCxVzmi+tidIa1tM4BSe8g2Y/D3loWDjj+w==",
      "dependencies": {
        "drange": "^1.0.2",
        "ret": "^0.2.0"
      },
      "engines": {
        "node": ">=4"
      }
    },
    "node_modules/ret": {
      "version": "0.2.2",
      "resolved": "https://registry.npmjs.org/ret/-/ret-0.2.2.tgz",
      "integrity": "sha512-M0b3YWQs7R3Z917WRQy1HHA7Ba7D8hvZg6UE5mLykJxQVE2ju0IXbGlaHPPlkY+WN7wFP+wUMXmBFA0aV6vYGQ==",
      "engines": {
        "node": ">=4"
      }
    }
  }
}
