{
  "name": "reisen",
  "version": "0.1.0",
  "lockfileVersion": 3,
  "requires": true,
  "packages": {
    "": {
      "name": "reisen",
      "version": "0.1.0",
      "license": "MIT",
      "dependencies": {
        "@planetscale/database": "^1.5.0",
        "pico-args": "^1.0.13",
        "pico-common": "^0.14.31",
        "picos": "^0.8.1",
        "picos-util": "^0.2.6"
      }
    },
    "node_modules/@planetscale/database": {
      "version": "1.5.0",
      "resolved": "https://registry.npmjs.org/@planetscale/database/-/database-1.5.0.tgz",
      "integrity": "sha512-Qwh7Or1W5dB5mZ9EQqDkgvkDKhBBmQe58KIVUy0SGocNtr5fP4JAWtvZ6EdLAV6C6hVpzNlCA2xIg9lKTswm1Q==",
      "engines": {
        "node": ">=16"
      }
    },
    "node_modules/pico-args": {
      "version": "1.0.13",
      "resolved": "https://registry.npmjs.org/pico-args/-/pico-args-1.0.13.tgz",
      "integrity": "sha512-MbzpsN97SN5g64toteGlHwozYed+r2mkZyftiuHlP/fUkHssi2AVAF9J/G9DG+ztR5hb7eOxMo9RFCBuUhuTCA==",
      "dependencies": {
        "pico-common": "*"
      }
    },
    "node_modules/pico-common": {
      "version": "0.14.31",
      "resolved": "https://registry.npmjs.org/pico-common/-/pico-common-0.14.31.tgz",
      "integrity": "sha512-A6sg3UPV6PjK4wyhpUpqMqYdvCqU5qVXD6r17Ly0mSRRCAQaACKXvGvB3b0GV43fdjbVYaNjSBzKywKs5irAnQ==",
      "bin": {
        "pico-common-build": "concat.js"
      }
    },
    "node_modules/picos": {
      "version": "0.8.1",
      "resolved": "https://registry.npmjs.org/picos/-/picos-0.8.1.tgz",
      "integrity": "sha512-mIf0Y+wTzitjYa+9CQ9r0owWhWWymnECXBxTLoLwPWIvfGtji2bdzmMpurfPlm/6LPvYn87aGntSyREFY8tS1w==",
      "dependencies": {
        "pico-args": "^1.0.13",
        "pico-common": "^0.11.5",
        "picos-session": "^0.1.4",
        "picos-util": "^0.1.4"
      },
      "bin": {
        "picos": "index.js"
      }
    },
    "node_modules/picos-session": {
      "version": "0.1.4",
      "resolved": "https://registry.npmjs.org/picos-session/-/picos-session-0.1.4.tgz",
      "integrity": "sha512-Lv0CD6HNcWGgEkpIHLngIrqCVZgcN9QNsXQyR47RWPpU1B7y4O878t8mnioLhJnSnozjNLWYs4MD6Qmopag4ng==",
      "dependencies": {
        "pico-common": "^0.10.18"
      }
    },
    "node_modules/picos-session/node_modules/pico-common": {
      "version": "0.10.30",
      "resolved": "https://registry.npmjs.org/pico-common/-/pico-common-0.10.30.tgz",
      "integrity": "sha512-/m6YnE+SvO4uxWuT39vY7+iKegk48u/LVD0sZnhr7LPnBkjzM/aRrWUWEwWB3vwxXCvj5IWBjxUzKJL4GW+o3A=="
    },
    "node_modules/picos-util": {
      "version": "0.2.6",
      "resolved": "https://registry.npmjs.org/picos-util/-/picos-util-0.2.6.tgz",
      "integrity": "sha512-sA6ZdTItX+ZFxQbvgD+E9KtHp256xYfSE9RlXtgDdfasOEuedG8GlwpqMyT7qh+7vDLNuTNx56tpOG+rXbv13w==",
      "peerDependencies": {
        "pico-common": "0.x"
      }
    },
    "node_modules/picos/node_modules/pico-common": {
      "version": "0.11.6",
      "resolved": "https://registry.npmjs.org/pico-common/-/pico-common-0.11.6.tgz",
      "integrity": "sha512-HqazfDYqiyP1ceKyUfKreUpZ1jyamgDF3CEFYWIUgtVxgiOUh9jYylf8klNco5mV7ek/+5Iot7cWk56bmuc0EQ==",
      "bin": {
        "pico-common-build": "concat.js"
      }
    },
    "node_modules/picos/node_modules/picos-util": {
      "version": "0.1.4",
      "resolved": "https://registry.npmjs.org/picos-util/-/picos-util-0.1.4.tgz",
      "integrity": "sha512-zYUH7mIvyKcYar1vRwwuaRq3U8YkDq8q0udXQxqpSy/45bSdf0FbLPQorMRRuX+Mp2iZX3/Le/1/kKFNYGZNug==",
      "dependencies": {
        "pico-common": "^0.10.18"
      }
    },
    "node_modules/picos/node_modules/picos-util/node_modules/pico-common": {
      "version": "0.10.30",
      "resolved": "https://registry.npmjs.org/pico-common/-/pico-common-0.10.30.tgz",
      "integrity": "sha512-/m6YnE+SvO4uxWuT39vY7+iKegk48u/LVD0sZnhr7LPnBkjzM/aRrWUWEwWB3vwxXCvj5IWBjxUzKJL4GW+o3A=="
    }
  }
}
